
Microsoft Visual Studio Solution File, Format Version 12.00
# Visual Studio Version 17
VisualStudioVersion = 17.7.34221.43
MinimumVisualStudioVersion = 10.0.40219.1
Project("{FAE04EC0-301F-11D3-BF4B-00C04F79EFBC}") = "State", "State\State.csproj", "{37C29416-0337-4497-8CBA-3FB0EE19C32E}"
EndProject
Global
	GlobalSection(SolutionConfigurationPlatforms) = preSolution
		Debug|Any CPU = Debug|Any CPU
		Release|Any CPU = Release|Any CPU
	EndGlobalSection
	GlobalSection(ProjectConfigurationPlatforms) = postSolution
		{37C29416-0337-4497-8CBA-3FB0EE19C32E}.Debug|Any CPU.ActiveCfg = Debug|Any CPU
		{37C29416-0337-4497-8CBA-3FB0EE19C32E}.Debug|Any CPU.Build.0 = Debug|Any CPU
		{37C29416-0337-4497-8CBA-3FB0EE19C32E}.Release|Any CPU.ActiveCfg = Release|Any CPU
		{37C29416-0337-4497-8CBA-3FB0EE19C32E}.Release|Any CPU.Build.0 = Release|Any CPU
	EndGlobalSection
	GlobalSection(SolutionProperties) = preSolution
		HideSolutionNode = FALSE
	EndGlobalSection
	GlobalSection(ExtensibilityGlobals) = postSolution
		SolutionGuid = {A945395C-6041-45B2-A5E8-92143B7553DB}
	EndGlobalSection
EndGlobal
